
Microsoft Visual Studio Solution File, Format Version 12.00
# Visual Studio Version 17
VisualStudioVersion = 17.0.32014.148
MinimumVisualStudioVersion = 10.0.40219.1
Project("{FAE04EC0-301F-11D3-BF4B-00C04F79EFBC}") = "hotel", "hotel\hotel.csproj", "{9305ED2A-6CD9-40E3-B4D3-999F0F06F168}"
EndProject
Global
	GlobalSection(SolutionConfigurationPlatforms) = preSolution
		Debug|Any CPU = Debug|Any CPU
		Release|Any CPU = Release|Any CPU
	EndGlobalSection
	GlobalSection(ProjectConfigurationPlatforms) = postSolution
		{9305ED2A-6CD9-40E3-B4D3-999F0F06F168}.Debug|Any CPU.ActiveCfg = Debug|Any CPU
		{9305ED2A-6CD9-40E3-B4D3-999F0F06F168}.Debug|Any CPU.Build.0 = Debug|Any CPU
		{9305ED2A-6CD9-40E3-B4D3-999F0F06F168}.Release|Any CPU.ActiveCfg = Release|Any CPU
		{9305ED2A-6CD9-40E3-B4D3-999F0F06F168}.Release|Any CPU.Build.0 = Release|Any CPU
	EndGlobalSection
	GlobalSection(SolutionProperties) = preSolution
		HideSolutionNode = FALSE
	EndGlobalSection
	GlobalSection(ExtensibilityGlobals) = postSolution
		SolutionGuid = {F68EC3CA-C356-4971-839B-C77ED2FA0D64}
	EndGlobalSection
EndGlobal
